
Microsoft Visual Studio Solution File, Format Version 12.00
# Visual Studio Version 17
VisualStudioVersion = 17.13.35919.96 d17.13
MinimumVisualStudioVersion = 10.0.40219.1
Project("{FAE04EC0-301F-11D3-BF4B-00C04F79EFBC}") = "FreelancerHireWebsite", "FreelancerHireWebsite\FreelancerHireWebsite.csproj", "{F93300C5-9C04-4A6B-9114-63218708CAD1}"
EndProject
Global
	GlobalSection(SolutionConfigurationPlatforms) = preSolution
		Debug|Any CPU = Debug|Any CPU
		Release|Any CPU = Release|Any CPU
	EndGlobalSection
	GlobalSection(ProjectConfigurationPlatforms) = postSolution
		{F93300C5-9C04-4A6B-9114-63218708CAD1}.Debug|Any CPU.ActiveCfg = Debug|Any CPU
		{F93300C5-9C04-4A6B-9114-63218708CAD1}.Debug|Any CPU.Build.0 = Debug|Any CPU
		{F93300C5-9C04-4A6B-9114-63218708CAD1}.Release|Any CPU.ActiveCfg = Release|Any CPU
		{F93300C5-9C04-4A6B-9114-63218708CAD1}.Release|Any CPU.Build.0 = Release|Any CPU
	EndGlobalSection
	GlobalSection(SolutionProperties) = preSolution
		HideSolutionNode = FALSE
	EndGlobalSection
	GlobalSection(ExtensibilityGlobals) = postSolution
		SolutionGuid = {73699B2C-E63E-4B03-BE3C-989AD41AF5F9}
	EndGlobalSection
EndGlobal
